
Microsoft Visual Studio Solution File, Format Version 12.00
# Visual Studio Version 16
VisualStudioVersion = 16.0.30503.244
MinimumVisualStudioVersion = 10.0.40219.1
Project("{FAE04EC0-301F-11D3-BF4B-00C04F79EFBC}") = "Database_Project", "Database_Project.csproj", "{2B8B6D8C-6817-48E3-A82C-A71D7AB671ED}"
EndProject
Global
	GlobalSection(SolutionConfigurationPlatforms) = preSolution
		Debug|Any CPU = Debug|Any CPU
		Release|Any CPU = Release|Any CPU
	EndGlobalSection
	GlobalSection(ProjectConfigurationPlatforms) = postSolution
		{2B8B6D8C-6817-48E3-A82C-A71D7AB671ED}.Debug|Any CPU.ActiveCfg = Debug|Any CPU
		{2B8B6D8C-6817-48E3-A82C-A71D7AB671ED}.Debug|Any CPU.Build.0 = Debug|Any CPU
		{2B8B6D8C-6817-48E3-A82C-A71D7AB671ED}.Release|Any CPU.ActiveCfg = Release|Any CPU
		{2B8B6D8C-6817-48E3-A82C-A71D7AB671ED}.Release|Any CPU.Build.0 = Release|Any CPU
	EndGlobalSection
	GlobalSection(SolutionProperties) = preSolution
		HideSolutionNode = FALSE
	EndGlobalSection
	GlobalSection(ExtensibilityGlobals) = postSolution
		SolutionGuid = {B7CD1775-7DB4-4080-8157-CC75067A77B4}
	EndGlobalSection
EndGlobal
